{
    "_readme": [
        "This file locks the dependencies of your project to a known state",
        "Read more about it at https://getcomposer.org/doc/01-basic-usage.md#composer-lock-the-lock-file",
        "This file is @generated automatically"
    ],
    "content-hash": "485a53073ffc400b51e44500d0a94bd8",
    "packages": [
        {
            "name": "stil/curl-easy",
            "version": "v1.2.1",
            "source": {
                "type": "git",
                "url": "https://github.com/stil/curl-easy.git",
                "reference": "8bbfd24de23d8b9dc0973a0e3b0d4b6aa5a56bd7"
            },
            "dist": {
                "type": "zip",
                "url": "https://api.github.com/repos/stil/curl-easy/zipball/8bbfd24de23d8b9dc0973a0e3b0d4b6aa5a56bd7",
                "reference": "8bbfd24de23d8b9dc0973a0e3b0d4b6aa5a56bd7",
                "shasum": ""
            },
            "require": {
                "symfony/event-dispatcher": "^3.2"
            },
            "require-dev": {
                "phpunit/phpunit": "^6.1"
            },
            "type": "library",
            "autoload": {
                "psr-4": {
                    "cURL\\": "src/"
                }
            },
            "notification-url": "https://packagist.org/downloads/",
            "license": [
                "MIT"
            ],
            "description": "cURL wrapper for PHP. Supports parallel and non-blocking requests. For high speed crawling, see stil/curl-robot.",
            "time": "2017-05-20T15:13:54+00:00"
        },
        {
            "name": "symfony/event-dispatcher",
            "version": "v3.4.22",
            "source": {
                "type": "git",
                "url": "https://github.com/symfony/event-dispatcher.git",
                "reference": "ed5be1663fa66623b3a7004d5d51a14c4045399b"
            },
            "dist": {
                "type": "zip",
                "url": "https://api.github.com/repos/symfony/event-dispatcher/zipball/ed5be1663fa66623b3a7004d5d51a14c4045399b",
                "reference": "ed5be1663fa66623b3a7004d5d51a14c4045399b",
                "shasum": ""
            },
            "require": {
                "php": "^5.5.9|>=7.0.8"
            },
            "conflict": {
                "symfony/dependency-injection": "<3.3"
            },
            "require-dev": {
                "psr/log": "~1.0",
                "symfony/config": "~2.8|~3.0|~4.0",
                "symfony/dependency-injection": "~3.3|~4.0",
                "symfony/expression-language": "~2.8|~3.0|~4.0",
                "symfony/stopwatch": "~2.8|~3.0|~4.0"
            },
            "suggest": {
                "symfony/dependency-injection": "",
                "symfony/http-kernel": ""
            },
            "type": "library",
            "extra": {
                "branch-alias": {
                    "dev-master": "3.4-dev"
                }
            },
            "autoload": {
                "psr-4": {
                    "Symfony\\Component\\EventDispatcher\\": ""
                },
                "exclude-from-classmap": [
                    "/Tests/"
                ]
            },
            "notification-url": "https://packagist.org/downloads/",
            "license": [
                "MIT"
            ],
            "authors": [
                {
                    "name": "Fabien Potencier",
                    "email": "fabien@symfony.com"
                },
                {
                    "name": "Symfony Community",
                    "homepage": "https://symfony.com/contributors"
                }
            ],
            "description": "Symfony EventDispatcher Component",
            "homepage": "https://symfony.com",
            "time": "2019-01-16T13:27:11+00:00"
        }
    ],
    "packages-dev": [],
    "aliases": [],
    "minimum-stability": "stable",
    "stability-flags": [],
    "prefer-stable": false,
    "prefer-lowest": false,
    "platform": [],
    "platform-dev": []
}
